
Microsoft Visual Studio Solution File, Format Version 12.00
# Visual Studio Version 16
VisualStudioVersion = 16.0.30204.135
MinimumVisualStudioVersion = 10.0.40219.1
Project("{FAE04EC0-301F-11D3-BF4B-00C04F79EFBC}") = "Ejercicio_clase7", "Ejercicio_clase7\Ejercicio_clase7.csproj", "{2852E1C1-2FA8-42EF-84B9-1A3A501C75FF}"
EndProject
Global
	GlobalSection(SolutionConfigurationPlatforms) = preSolution
		Debug|Any CPU = Debug|Any CPU
		Release|Any CPU = Release|Any CPU
	EndGlobalSection
	GlobalSection(ProjectConfigurationPlatforms) = postSolution
		{2852E1C1-2FA8-42EF-84B9-1A3A501C75FF}.Debug|Any CPU.ActiveCfg = Debug|Any CPU
		{2852E1C1-2FA8-42EF-84B9-1A3A501C75FF}.Debug|Any CPU.Build.0 = Debug|Any CPU
		{2852E1C1-2FA8-42EF-84B9-1A3A501C75FF}.Release|Any CPU.ActiveCfg = Release|Any CPU
		{2852E1C1-2FA8-42EF-84B9-1A3A501C75FF}.Release|Any CPU.Build.0 = Release|Any CPU
	EndGlobalSection
	GlobalSection(SolutionProperties) = preSolution
		HideSolutionNode = FALSE
	EndGlobalSection
	GlobalSection(ExtensibilityGlobals) = postSolution
		SolutionGuid = {977AA029-B05F-4250-A79C-AAAAE99F45FE}
	EndGlobalSection
EndGlobal
