
Microsoft Visual Studio Solution File, Format Version 12.00
# Visual Studio Version 16
VisualStudioVersion = 16.0.30204.135
MinimumVisualStudioVersion = 10.0.40219.1
Project("{FAE04EC0-301F-11D3-BF4B-00C04F79EFBC}") = "Archivos", "Archivos\Archivos.csproj", "{5E6C37B5-7B29-4B5A-A1D3-0C22F30DDA50}"
EndProject
Project("{FAE04EC0-301F-11D3-BF4B-00C04F79EFBC}") = "archivosPrueva", "archivosPrueva\archivosPrueva.csproj", "{22B55662-ACE7-4DAE-8445-15372AE1D6DD}"
EndProject
Global
	GlobalSection(SolutionConfigurationPlatforms) = preSolution
		Debug|Any CPU = Debug|Any CPU
		Release|Any CPU = Release|Any CPU
	EndGlobalSection
	GlobalSection(ProjectConfigurationPlatforms) = postSolution
		{5E6C37B5-7B29-4B5A-A1D3-0C22F30DDA50}.Debug|Any CPU.ActiveCfg = Debug|Any CPU
		{5E6C37B5-7B29-4B5A-A1D3-0C22F30DDA50}.Debug|Any CPU.Build.0 = Debug|Any CPU
		{5E6C37B5-7B29-4B5A-A1D3-0C22F30DDA50}.Release|Any CPU.ActiveCfg = Release|Any CPU
		{5E6C37B5-7B29-4B5A-A1D3-0C22F30DDA50}.Release|Any CPU.Build.0 = Release|Any CPU
		{22B55662-ACE7-4DAE-8445-15372AE1D6DD}.Debug|Any CPU.ActiveCfg = Debug|Any CPU
		{22B55662-ACE7-4DAE-8445-15372AE1D6DD}.Debug|Any CPU.Build.0 = Debug|Any CPU
		{22B55662-ACE7-4DAE-8445-15372AE1D6DD}.Release|Any CPU.ActiveCfg = Release|Any CPU
		{22B55662-ACE7-4DAE-8445-15372AE1D6DD}.Release|Any CPU.Build.0 = Release|Any CPU
	EndGlobalSection
	GlobalSection(SolutionProperties) = preSolution
		HideSolutionNode = FALSE
	EndGlobalSection
	GlobalSection(ExtensibilityGlobals) = postSolution
		SolutionGuid = {6DEBBD88-E4F7-439F-90E1-4A60961809A0}
	EndGlobalSection
EndGlobal
