
Microsoft Visual Studio Solution File, Format Version 12.00
# Visual Studio Version 16
VisualStudioVersion = 16.0.30204.135
MinimumVisualStudioVersion = 10.0.40219.1
Project("{FAE04EC0-301F-11D3-BF4B-00C04F79EFBC}") = "Consola", "Consola\Consola.csproj", "{035C1FCB-C232-498F-A916-B4C52F353F66}"
EndProject
Project("{FAE04EC0-301F-11D3-BF4B-00C04F79EFBC}") = "Biblioteca", "Biblioteca\Biblioteca.csproj", "{B54A1E93-B089-4FF4-BE9D-F35335C99508}"
EndProject
Global
	GlobalSection(SolutionConfigurationPlatforms) = preSolution
		Debug|Any CPU = Debug|Any CPU
		Release|Any CPU = Release|Any CPU
	EndGlobalSection
	GlobalSection(ProjectConfigurationPlatforms) = postSolution
		{035C1FCB-C232-498F-A916-B4C52F353F66}.Debug|Any CPU.ActiveCfg = Debug|Any CPU
		{035C1FCB-C232-498F-A916-B4C52F353F66}.Debug|Any CPU.Build.0 = Debug|Any CPU
		{035C1FCB-C232-498F-A916-B4C52F353F66}.Release|Any CPU.ActiveCfg = Release|Any CPU
		{035C1FCB-C232-498F-A916-B4C52F353F66}.Release|Any CPU.Build.0 = Release|Any CPU
		{B54A1E93-B089-4FF4-BE9D-F35335C99508}.Debug|Any CPU.ActiveCfg = Debug|Any CPU
		{B54A1E93-B089-4FF4-BE9D-F35335C99508}.Debug|Any CPU.Build.0 = Debug|Any CPU
		{B54A1E93-B089-4FF4-BE9D-F35335C99508}.Release|Any CPU.ActiveCfg = Release|Any CPU
		{B54A1E93-B089-4FF4-BE9D-F35335C99508}.Release|Any CPU.Build.0 = Release|Any CPU
	EndGlobalSection
	GlobalSection(SolutionProperties) = preSolution
		HideSolutionNode = FALSE
	EndGlobalSection
	GlobalSection(ExtensibilityGlobals) = postSolution
		SolutionGuid = {BF517022-9FDB-4BFB-944D-546EFC557F32}
	EndGlobalSection
EndGlobal
