
Microsoft Visual Studio Solution File, Format Version 12.00
# Visual Studio Version 16
VisualStudioVersion = 16.0.30204.135
MinimumVisualStudioVersion = 10.0.40219.1
Project("{FAE04EC0-301F-11D3-BF4B-00C04F79EFBC}") = "CalculadoraDeFormas", "CalculadoraDeFormas\CalculadoraDeFormas.csproj", "{0618F04B-BAC9-486D-9E5D-1062E899FCAA}"
EndProject
Project("{FAE04EC0-301F-11D3-BF4B-00C04F79EFBC}") = "Biblioteca", "Biblioteca\Biblioteca.csproj", "{677C854F-0EB8-4600-883D-97C11E27FC6F}"
EndProject
Global
	GlobalSection(SolutionConfigurationPlatforms) = preSolution
		Debug|Any CPU = Debug|Any CPU
		Release|Any CPU = Release|Any CPU
	EndGlobalSection
	GlobalSection(ProjectConfigurationPlatforms) = postSolution
		{0618F04B-BAC9-486D-9E5D-1062E899FCAA}.Debug|Any CPU.ActiveCfg = Debug|Any CPU
		{0618F04B-BAC9-486D-9E5D-1062E899FCAA}.Debug|Any CPU.Build.0 = Debug|Any CPU
		{0618F04B-BAC9-486D-9E5D-1062E899FCAA}.Release|Any CPU.ActiveCfg = Release|Any CPU
		{0618F04B-BAC9-486D-9E5D-1062E899FCAA}.Release|Any CPU.Build.0 = Release|Any CPU
		{677C854F-0EB8-4600-883D-97C11E27FC6F}.Debug|Any CPU.ActiveCfg = Debug|Any CPU
		{677C854F-0EB8-4600-883D-97C11E27FC6F}.Debug|Any CPU.Build.0 = Debug|Any CPU
		{677C854F-0EB8-4600-883D-97C11E27FC6F}.Release|Any CPU.ActiveCfg = Release|Any CPU
		{677C854F-0EB8-4600-883D-97C11E27FC6F}.Release|Any CPU.Build.0 = Release|Any CPU
	EndGlobalSection
	GlobalSection(SolutionProperties) = preSolution
		HideSolutionNode = FALSE
	EndGlobalSection
	GlobalSection(ExtensibilityGlobals) = postSolution
		SolutionGuid = {C6AA2B1A-45E0-4291-9F75-DE68717C5B0B}
	EndGlobalSection
EndGlobal
