
Microsoft Visual Studio Solution File, Format Version 12.00
# Visual Studio Version 16
VisualStudioVersion = 16.0.30204.135
MinimumVisualStudioVersion = 10.0.40219.1
Project("{FAE04EC0-301F-11D3-BF4B-00C04F79EFBC}") = "PracticaParcialEquipo", "PracticaParcialEquipo\PracticaParcialEquipo.csproj", "{6F8EF780-7A96-4EB8-9B0F-17AD90F2D085}"
EndProject
Project("{FAE04EC0-301F-11D3-BF4B-00C04F79EFBC}") = "Entidades", "Entidades\Entidades.csproj", "{BA3F0700-4AD9-44D8-AFA8-F4DD8AE438A1}"
EndProject
Global
	GlobalSection(SolutionConfigurationPlatforms) = preSolution
		Debug|Any CPU = Debug|Any CPU
		Release|Any CPU = Release|Any CPU
	EndGlobalSection
	GlobalSection(ProjectConfigurationPlatforms) = postSolution
		{6F8EF780-7A96-4EB8-9B0F-17AD90F2D085}.Debug|Any CPU.ActiveCfg = Debug|Any CPU
		{6F8EF780-7A96-4EB8-9B0F-17AD90F2D085}.Debug|Any CPU.Build.0 = Debug|Any CPU
		{6F8EF780-7A96-4EB8-9B0F-17AD90F2D085}.Release|Any CPU.ActiveCfg = Release|Any CPU
		{6F8EF780-7A96-4EB8-9B0F-17AD90F2D085}.Release|Any CPU.Build.0 = Release|Any CPU
		{BA3F0700-4AD9-44D8-AFA8-F4DD8AE438A1}.Debug|Any CPU.ActiveCfg = Debug|Any CPU
		{BA3F0700-4AD9-44D8-AFA8-F4DD8AE438A1}.Debug|Any CPU.Build.0 = Debug|Any CPU
		{BA3F0700-4AD9-44D8-AFA8-F4DD8AE438A1}.Release|Any CPU.ActiveCfg = Release|Any CPU
		{BA3F0700-4AD9-44D8-AFA8-F4DD8AE438A1}.Release|Any CPU.Build.0 = Release|Any CPU
	EndGlobalSection
	GlobalSection(SolutionProperties) = preSolution
		HideSolutionNode = FALSE
	EndGlobalSection
	GlobalSection(ExtensibilityGlobals) = postSolution
		SolutionGuid = {67D708F4-F56F-4A8D-8180-EADD64A8FAA3}
	EndGlobalSection
EndGlobal
