
Microsoft Visual Studio Solution File, Format Version 12.00
# Visual Studio Version 16
VisualStudioVersion = 16.0.30204.135
MinimumVisualStudioVersion = 10.0.40219.1
Project("{FAE04EC0-301F-11D3-BF4B-00C04F79EFBC}") = "Clase_22", "Clase_22\Clase_22.csproj", "{B5E5E0DD-68B6-4B0F-81FE-8E5A7F0FB52B}"
EndProject
Project("{FAE04EC0-301F-11D3-BF4B-00C04F79EFBC}") = "Entidades", "Entidades\Entidades.csproj", "{4EC78BA2-945B-4775-A2D2-18EE3903E89B}"
EndProject
Global
	GlobalSection(SolutionConfigurationPlatforms) = preSolution
		Debug|Any CPU = Debug|Any CPU
		Release|Any CPU = Release|Any CPU
	EndGlobalSection
	GlobalSection(ProjectConfigurationPlatforms) = postSolution
		{B5E5E0DD-68B6-4B0F-81FE-8E5A7F0FB52B}.Debug|Any CPU.ActiveCfg = Debug|Any CPU
		{B5E5E0DD-68B6-4B0F-81FE-8E5A7F0FB52B}.Debug|Any CPU.Build.0 = Debug|Any CPU
		{B5E5E0DD-68B6-4B0F-81FE-8E5A7F0FB52B}.Release|Any CPU.ActiveCfg = Release|Any CPU
		{B5E5E0DD-68B6-4B0F-81FE-8E5A7F0FB52B}.Release|Any CPU.Build.0 = Release|Any CPU
		{4EC78BA2-945B-4775-A2D2-18EE3903E89B}.Debug|Any CPU.ActiveCfg = Debug|Any CPU
		{4EC78BA2-945B-4775-A2D2-18EE3903E89B}.Debug|Any CPU.Build.0 = Debug|Any CPU
		{4EC78BA2-945B-4775-A2D2-18EE3903E89B}.Release|Any CPU.ActiveCfg = Release|Any CPU
		{4EC78BA2-945B-4775-A2D2-18EE3903E89B}.Release|Any CPU.Build.0 = Release|Any CPU
	EndGlobalSection
	GlobalSection(SolutionProperties) = preSolution
		HideSolutionNode = FALSE
	EndGlobalSection
	GlobalSection(ExtensibilityGlobals) = postSolution
		SolutionGuid = {78F8F623-351C-4FFC-BD0C-29169F39FE4F}
	EndGlobalSection
EndGlobal
