
Microsoft Visual Studio Solution File, Format Version 12.00
# Visual Studio Version 16
VisualStudioVersion = 16.0.30204.135
MinimumVisualStudioVersion = 10.0.40219.1
Project("{FAE04EC0-301F-11D3-BF4B-00C04F79EFBC}") = "Clase_4", "Clase_4\Clase_4.csproj", "{B709402B-4EC6-48B0-BE2C-D1C048922D6B}"
EndProject
Project("{FAE04EC0-301F-11D3-BF4B-00C04F79EFBC}") = "Entidades", "Entidades\Entidades.csproj", "{088AC311-ED3D-4E38-98B6-DAA5D2F1C7C1}"
EndProject
Global
	GlobalSection(SolutionConfigurationPlatforms) = preSolution
		Debug|Any CPU = Debug|Any CPU
		Release|Any CPU = Release|Any CPU
	EndGlobalSection
	GlobalSection(ProjectConfigurationPlatforms) = postSolution
		{B709402B-4EC6-48B0-BE2C-D1C048922D6B}.Debug|Any CPU.ActiveCfg = Debug|Any CPU
		{B709402B-4EC6-48B0-BE2C-D1C048922D6B}.Debug|Any CPU.Build.0 = Debug|Any CPU
		{B709402B-4EC6-48B0-BE2C-D1C048922D6B}.Release|Any CPU.ActiveCfg = Release|Any CPU
		{B709402B-4EC6-48B0-BE2C-D1C048922D6B}.Release|Any CPU.Build.0 = Release|Any CPU
		{088AC311-ED3D-4E38-98B6-DAA5D2F1C7C1}.Debug|Any CPU.ActiveCfg = Debug|Any CPU
		{088AC311-ED3D-4E38-98B6-DAA5D2F1C7C1}.Debug|Any CPU.Build.0 = Debug|Any CPU
		{088AC311-ED3D-4E38-98B6-DAA5D2F1C7C1}.Release|Any CPU.ActiveCfg = Release|Any CPU
		{088AC311-ED3D-4E38-98B6-DAA5D2F1C7C1}.Release|Any CPU.Build.0 = Release|Any CPU
	EndGlobalSection
	GlobalSection(SolutionProperties) = preSolution
		HideSolutionNode = FALSE
	EndGlobalSection
	GlobalSection(ExtensibilityGlobals) = postSolution
		SolutionGuid = {376A9506-4ABA-4DC2-A205-9BBF7BB81D4C}
	EndGlobalSection
EndGlobal
