
Microsoft Visual Studio Solution File, Format Version 12.00
# Visual Studio Version 16
VisualStudioVersion = 16.0.30204.135
MinimumVisualStudioVersion = 10.0.40219.1
Project("{FAE04EC0-301F-11D3-BF4B-00C04F79EFBC}") = "Ejercicio20", "Ejercicio20\Ejercicio20.csproj", "{9C3FDA22-32E4-4890-BB6F-A8715D8A38F5}"
EndProject
Project("{FAE04EC0-301F-11D3-BF4B-00C04F79EFBC}") = "Billetes", "Billetes\Billetes.csproj", "{04800986-65F7-4F68-AF82-82562374F708}"
EndProject
Global
	GlobalSection(SolutionConfigurationPlatforms) = preSolution
		Debug|Any CPU = Debug|Any CPU
		Release|Any CPU = Release|Any CPU
	EndGlobalSection
	GlobalSection(ProjectConfigurationPlatforms) = postSolution
		{9C3FDA22-32E4-4890-BB6F-A8715D8A38F5}.Debug|Any CPU.ActiveCfg = Debug|Any CPU
		{9C3FDA22-32E4-4890-BB6F-A8715D8A38F5}.Debug|Any CPU.Build.0 = Debug|Any CPU
		{9C3FDA22-32E4-4890-BB6F-A8715D8A38F5}.Release|Any CPU.ActiveCfg = Release|Any CPU
		{9C3FDA22-32E4-4890-BB6F-A8715D8A38F5}.Release|Any CPU.Build.0 = Release|Any CPU
		{04800986-65F7-4F68-AF82-82562374F708}.Debug|Any CPU.ActiveCfg = Debug|Any CPU
		{04800986-65F7-4F68-AF82-82562374F708}.Debug|Any CPU.Build.0 = Debug|Any CPU
		{04800986-65F7-4F68-AF82-82562374F708}.Release|Any CPU.ActiveCfg = Release|Any CPU
		{04800986-65F7-4F68-AF82-82562374F708}.Release|Any CPU.Build.0 = Release|Any CPU
	EndGlobalSection
	GlobalSection(SolutionProperties) = preSolution
		HideSolutionNode = FALSE
	EndGlobalSection
	GlobalSection(ExtensibilityGlobals) = postSolution
		SolutionGuid = {F19A8F90-0D97-4A6E-9B42-00300E132A21}
	EndGlobalSection
EndGlobal
