
Microsoft Visual Studio Solution File, Format Version 12.00
# Visual Studio Version 16
VisualStudioVersion = 16.0.30204.135
MinimumVisualStudioVersion = 10.0.40219.1
Project("{FAE04EC0-301F-11D3-BF4B-00C04F79EFBC}") = "Entidades", "Entidades\Entidades.csproj", "{5F0CDC69-1B2A-46CE-9A24-A08C4D91D736}"
EndProject
Project("{FAE04EC0-301F-11D3-BF4B-00C04F79EFBC}") = "ConsoleApp1", "ConsoleApp1\ConsoleApp1.csproj", "{B8ECABFB-EAB3-45AC-9478-B48FD3A7F8D8}"
EndProject
Global
	GlobalSection(SolutionConfigurationPlatforms) = preSolution
		Debug|Any CPU = Debug|Any CPU
		Release|Any CPU = Release|Any CPU
	EndGlobalSection
	GlobalSection(ProjectConfigurationPlatforms) = postSolution
		{5F0CDC69-1B2A-46CE-9A24-A08C4D91D736}.Debug|Any CPU.ActiveCfg = Debug|Any CPU
		{5F0CDC69-1B2A-46CE-9A24-A08C4D91D736}.Debug|Any CPU.Build.0 = Debug|Any CPU
		{5F0CDC69-1B2A-46CE-9A24-A08C4D91D736}.Release|Any CPU.ActiveCfg = Release|Any CPU
		{5F0CDC69-1B2A-46CE-9A24-A08C4D91D736}.Release|Any CPU.Build.0 = Release|Any CPU
		{B8ECABFB-EAB3-45AC-9478-B48FD3A7F8D8}.Debug|Any CPU.ActiveCfg = Debug|Any CPU
		{B8ECABFB-EAB3-45AC-9478-B48FD3A7F8D8}.Debug|Any CPU.Build.0 = Debug|Any CPU
		{B8ECABFB-EAB3-45AC-9478-B48FD3A7F8D8}.Release|Any CPU.ActiveCfg = Release|Any CPU
		{B8ECABFB-EAB3-45AC-9478-B48FD3A7F8D8}.Release|Any CPU.Build.0 = Release|Any CPU
	EndGlobalSection
	GlobalSection(SolutionProperties) = preSolution
		HideSolutionNode = FALSE
	EndGlobalSection
	GlobalSection(ExtensibilityGlobals) = postSolution
		SolutionGuid = {DD20A697-74B0-47F5-9E53-5D96D2B47B59}
	EndGlobalSection
EndGlobal
