
Microsoft Visual Studio Solution File, Format Version 12.00
# Visual Studio Version 16
VisualStudioVersion = 16.0.30204.135
MinimumVisualStudioVersion = 10.0.40219.1
Project("{FAE04EC0-301F-11D3-BF4B-00C04F79EFBC}") = "Ejercicio_47", "Ejercicio_47\Ejercicio_47.csproj", "{D1EA4F58-5D71-41C7-B046-76214F264AEC}"
EndProject
Project("{FAE04EC0-301F-11D3-BF4B-00C04F79EFBC}") = "Entidades", "Entidades\Entidades.csproj", "{6D5C5BFF-69FF-43E3-8B49-A9A59042D85C}"
EndProject
Global
	GlobalSection(SolutionConfigurationPlatforms) = preSolution
		Debug|Any CPU = Debug|Any CPU
		Release|Any CPU = Release|Any CPU
	EndGlobalSection
	GlobalSection(ProjectConfigurationPlatforms) = postSolution
		{D1EA4F58-5D71-41C7-B046-76214F264AEC}.Debug|Any CPU.ActiveCfg = Debug|Any CPU
		{D1EA4F58-5D71-41C7-B046-76214F264AEC}.Debug|Any CPU.Build.0 = Debug|Any CPU
		{D1EA4F58-5D71-41C7-B046-76214F264AEC}.Release|Any CPU.ActiveCfg = Release|Any CPU
		{D1EA4F58-5D71-41C7-B046-76214F264AEC}.Release|Any CPU.Build.0 = Release|Any CPU
		{6D5C5BFF-69FF-43E3-8B49-A9A59042D85C}.Debug|Any CPU.ActiveCfg = Debug|Any CPU
		{6D5C5BFF-69FF-43E3-8B49-A9A59042D85C}.Debug|Any CPU.Build.0 = Debug|Any CPU
		{6D5C5BFF-69FF-43E3-8B49-A9A59042D85C}.Release|Any CPU.ActiveCfg = Release|Any CPU
		{6D5C5BFF-69FF-43E3-8B49-A9A59042D85C}.Release|Any CPU.Build.0 = Release|Any CPU
	EndGlobalSection
	GlobalSection(SolutionProperties) = preSolution
		HideSolutionNode = FALSE
	EndGlobalSection
	GlobalSection(ExtensibilityGlobals) = postSolution
		SolutionGuid = {7C0B0B65-3C8D-4453-9E32-9B245C72ECF3}
	EndGlobalSection
EndGlobal
