
Microsoft Visual Studio Solution File, Format Version 12.00
# Visual Studio Version 16
VisualStudioVersion = 16.0.30204.135
MinimumVisualStudioVersion = 10.0.40219.1
Project("{FAE04EC0-301F-11D3-BF4B-00C04F79EFBC}") = "ejercicioIntegrador", "ejercicioIntegrador\ejercicioIntegrador.csproj", "{77FAFDD6-7402-4636-8E54-A8228CC5785D}"
EndProject
Project("{FAE04EC0-301F-11D3-BF4B-00C04F79EFBC}") = "Biblioteca", "Biblioteca\Biblioteca.csproj", "{A357F7D1-E11F-4BCB-BF13-B79470DC3000}"
EndProject
Global
	GlobalSection(SolutionConfigurationPlatforms) = preSolution
		Debug|Any CPU = Debug|Any CPU
		Release|Any CPU = Release|Any CPU
	EndGlobalSection
	GlobalSection(ProjectConfigurationPlatforms) = postSolution
		{77FAFDD6-7402-4636-8E54-A8228CC5785D}.Debug|Any CPU.ActiveCfg = Debug|Any CPU
		{77FAFDD6-7402-4636-8E54-A8228CC5785D}.Debug|Any CPU.Build.0 = Debug|Any CPU
		{77FAFDD6-7402-4636-8E54-A8228CC5785D}.Release|Any CPU.ActiveCfg = Release|Any CPU
		{77FAFDD6-7402-4636-8E54-A8228CC5785D}.Release|Any CPU.Build.0 = Release|Any CPU
		{A357F7D1-E11F-4BCB-BF13-B79470DC3000}.Debug|Any CPU.ActiveCfg = Debug|Any CPU
		{A357F7D1-E11F-4BCB-BF13-B79470DC3000}.Debug|Any CPU.Build.0 = Debug|Any CPU
		{A357F7D1-E11F-4BCB-BF13-B79470DC3000}.Release|Any CPU.ActiveCfg = Release|Any CPU
		{A357F7D1-E11F-4BCB-BF13-B79470DC3000}.Release|Any CPU.Build.0 = Release|Any CPU
	EndGlobalSection
	GlobalSection(SolutionProperties) = preSolution
		HideSolutionNode = FALSE
	EndGlobalSection
	GlobalSection(ExtensibilityGlobals) = postSolution
		SolutionGuid = {BDAF3623-5C11-4D12-B357-11DD72EF6738}
	EndGlobalSection
EndGlobal
