
Microsoft Visual Studio Solution File, Format Version 12.00
# Visual Studio Version 16
VisualStudioVersion = 16.0.30204.135
MinimumVisualStudioVersion = 10.0.40219.1
Project("{FAE04EC0-301F-11D3-BF4B-00C04F79EFBC}") = "Ejercicio_52", "Ejercicio_52\Ejercicio_52.csproj", "{94A74D9B-28D9-4FA2-9A85-4C631F537C5B}"
EndProject
Project("{FAE04EC0-301F-11D3-BF4B-00C04F79EFBC}") = "Entidades", "Entidades\Entidades.csproj", "{B46FF84C-75C7-4830-8B5E-9F8E4F6611AB}"
EndProject
Global
	GlobalSection(SolutionConfigurationPlatforms) = preSolution
		Debug|Any CPU = Debug|Any CPU
		Release|Any CPU = Release|Any CPU
	EndGlobalSection
	GlobalSection(ProjectConfigurationPlatforms) = postSolution
		{94A74D9B-28D9-4FA2-9A85-4C631F537C5B}.Debug|Any CPU.ActiveCfg = Debug|Any CPU
		{94A74D9B-28D9-4FA2-9A85-4C631F537C5B}.Debug|Any CPU.Build.0 = Debug|Any CPU
		{94A74D9B-28D9-4FA2-9A85-4C631F537C5B}.Release|Any CPU.ActiveCfg = Release|Any CPU
		{94A74D9B-28D9-4FA2-9A85-4C631F537C5B}.Release|Any CPU.Build.0 = Release|Any CPU
		{B46FF84C-75C7-4830-8B5E-9F8E4F6611AB}.Debug|Any CPU.ActiveCfg = Debug|Any CPU
		{B46FF84C-75C7-4830-8B5E-9F8E4F6611AB}.Debug|Any CPU.Build.0 = Debug|Any CPU
		{B46FF84C-75C7-4830-8B5E-9F8E4F6611AB}.Release|Any CPU.ActiveCfg = Release|Any CPU
		{B46FF84C-75C7-4830-8B5E-9F8E4F6611AB}.Release|Any CPU.Build.0 = Release|Any CPU
	EndGlobalSection
	GlobalSection(SolutionProperties) = preSolution
		HideSolutionNode = FALSE
	EndGlobalSection
	GlobalSection(ExtensibilityGlobals) = postSolution
		SolutionGuid = {DA882DFC-B8C2-4DB2-BD0B-568340C8E003}
	EndGlobalSection
EndGlobal
