
Microsoft Visual Studio Solution File, Format Version 12.00
# Visual Studio Version 16
VisualStudioVersion = 16.0.30204.135
MinimumVisualStudioVersion = 10.0.40219.1
Project("{FAE04EC0-301F-11D3-BF4B-00C04F79EFBC}") = "Ejercicio_31", "Ejercicio_31\Ejercicio_31.csproj", "{83525C0C-7DD7-4409-BCD2-0F27DA7FF46C}"
EndProject
Project("{FAE04EC0-301F-11D3-BF4B-00C04F79EFBC}") = "Entidades", "Entidades\Entidades.csproj", "{910819FD-E689-44F9-AD8A-845D72C33DDF}"
EndProject
Global
	GlobalSection(SolutionConfigurationPlatforms) = preSolution
		Debug|Any CPU = Debug|Any CPU
		Release|Any CPU = Release|Any CPU
	EndGlobalSection
	GlobalSection(ProjectConfigurationPlatforms) = postSolution
		{83525C0C-7DD7-4409-BCD2-0F27DA7FF46C}.Debug|Any CPU.ActiveCfg = Debug|Any CPU
		{83525C0C-7DD7-4409-BCD2-0F27DA7FF46C}.Debug|Any CPU.Build.0 = Debug|Any CPU
		{83525C0C-7DD7-4409-BCD2-0F27DA7FF46C}.Release|Any CPU.ActiveCfg = Release|Any CPU
		{83525C0C-7DD7-4409-BCD2-0F27DA7FF46C}.Release|Any CPU.Build.0 = Release|Any CPU
		{910819FD-E689-44F9-AD8A-845D72C33DDF}.Debug|Any CPU.ActiveCfg = Debug|Any CPU
		{910819FD-E689-44F9-AD8A-845D72C33DDF}.Debug|Any CPU.Build.0 = Debug|Any CPU
		{910819FD-E689-44F9-AD8A-845D72C33DDF}.Release|Any CPU.ActiveCfg = Release|Any CPU
		{910819FD-E689-44F9-AD8A-845D72C33DDF}.Release|Any CPU.Build.0 = Release|Any CPU
	EndGlobalSection
	GlobalSection(SolutionProperties) = preSolution
		HideSolutionNode = FALSE
	EndGlobalSection
	GlobalSection(ExtensibilityGlobals) = postSolution
		SolutionGuid = {3D43964A-5ADB-430C-ACF4-BD4489DF99D6}
	EndGlobalSection
EndGlobal
